
Microsoft Visual Studio Solution File, Format Version 12.00
# Visual Studio Version 16
VisualStudioVersion = 16.0.31624.102
MinimumVisualStudioVersion = 10.0.40219.1
Project("{FAE04EC0-301F-11D3-BF4B-00C04F79EFBC}") = "HelloWorld_Android-IOS.Android", "HelloWorld_Android-IOS\HelloWorld_Android-IOS.Android\HelloWorld_Android-IOS.Android.csproj", "{E4EF15AC-4D59-4D1A-A789-08BB4EC44AF1}"
EndProject
Project("{FAE04EC0-301F-11D3-BF4B-00C04F79EFBC}") = "HelloWorld_Android-IOS.iOS", "HelloWorld_Android-IOS\HelloWorld_Android-IOS.iOS\HelloWorld_Android-IOS.iOS.csproj", "{3608DD48-6648-4497-AA5B-418AB8A9DAD1}"
EndProject
Project("{FAE04EC0-301F-11D3-BF4B-00C04F79EFBC}") = "HelloWorld_Android-IOS", "HelloWorld_Android-IOS\HelloWorld_Android-IOS\HelloWorld_Android-IOS.csproj", "{1EC58433-30E6-4C8E-AA3D-6D55308B14DF}"
EndProject
Global
	GlobalSection(SolutionConfigurationPlatforms) = preSolution
		Debug|Any CPU = Debug|Any CPU
		Debug|iPhone = Debug|iPhone
		Debug|iPhoneSimulator = Debug|iPhoneSimulator
		Release|Any CPU = Release|Any CPU
		Release|iPhone = Release|iPhone
		Release|iPhoneSimulator = Release|iPhoneSimulator
	EndGlobalSection
	GlobalSection(ProjectConfigurationPlatforms) = postSolution
		{E4EF15AC-4D59-4D1A-A789-08BB4EC44AF1}.Debug|Any CPU.ActiveCfg = Debug|Any CPU
		{E4EF15AC-4D59-4D1A-A789-08BB4EC44AF1}.Debug|Any CPU.Build.0 = Debug|Any CPU
		{E4EF15AC-4D59-4D1A-A789-08BB4EC44AF1}.Debug|Any CPU.Deploy.0 = Debug|Any CPU
		{E4EF15AC-4D59-4D1A-A789-08BB4EC44AF1}.Debug|iPhone.ActiveCfg = Debug|Any CPU
		{E4EF15AC-4D59-4D1A-A789-08BB4EC44AF1}.Debug|iPhone.Build.0 = Debug|Any CPU
		{E4EF15AC-4D59-4D1A-A789-08BB4EC44AF1}.Debug|iPhone.Deploy.0 = Debug|Any CPU
		{E4EF15AC-4D59-4D1A-A789-08BB4EC44AF1}.Debug|iPhoneSimulator.ActiveCfg = Debug|Any CPU
		{E4EF15AC-4D59-4D1A-A789-08BB4EC44AF1}.Debug|iPhoneSimulator.Build.0 = Debug|Any CPU
		{E4EF15AC-4D59-4D1A-A789-08BB4EC44AF1}.Debug|iPhoneSimulator.Deploy.0 = Debug|Any CPU
		{E4EF15AC-4D59-4D1A-A789-08BB4EC44AF1}.Release|Any CPU.ActiveCfg = Release|Any CPU
		{E4EF15AC-4D59-4D1A-A789-08BB4EC44AF1}.Release|Any CPU.Build.0 = Release|Any CPU
		{E4EF15AC-4D59-4D1A-A789-08BB4EC44AF1}.Release|Any CPU.Deploy.0 = Release|Any CPU
		{E4EF15AC-4D59-4D1A-A789-08BB4EC44AF1}.Release|iPhone.ActiveCfg = Release|Any CPU
		{E4EF15AC-4D59-4D1A-A789-08BB4EC44AF1}.Release|iPhone.Build.0 = Release|Any CPU
		{E4EF15AC-4D59-4D1A-A789-08BB4EC44AF1}.Release|iPhone.Deploy.0 = Release|Any CPU
		{E4EF15AC-4D59-4D1A-A789-08BB4EC44AF1}.Release|iPhoneSimulator.ActiveCfg = Release|Any CPU
		{E4EF15AC-4D59-4D1A-A789-08BB4EC44AF1}.Release|iPhoneSimulator.Build.0 = Release|Any CPU
		{E4EF15AC-4D59-4D1A-A789-08BB4EC44AF1}.Release|iPhoneSimulator.Deploy.0 = Release|Any CPU
		{3608DD48-6648-4497-AA5B-418AB8A9DAD1}.Debug|Any CPU.ActiveCfg = Debug|iPhone
		{3608DD48-6648-4497-AA5B-418AB8A9DAD1}.Debug|Any CPU.Build.0 = Debug|iPhone
		{3608DD48-6648-4497-AA5B-418AB8A9DAD1}.Debug|Any CPU.Deploy.0 = Debug|iPhone
		{3608DD48-6648-4497-AA5B-418AB8A9DAD1}.Debug|iPhone.ActiveCfg = Debug|iPhone
		{3608DD48-6648-4497-AA5B-418AB8A9DAD1}.Debug|iPhone.Build.0 = Debug|iPhone
		{3608DD48-6648-4497-AA5B-418AB8A9DAD1}.Debug|iPhone.Deploy.0 = Debug|iPhone
		{3608DD48-6648-4497-AA5B-418AB8A9DAD1}.Debug|iPhoneSimulator.ActiveCfg = Debug|iPhoneSimulator
		{3608DD48-6648-4497-AA5B-418AB8A9DAD1}.Debug|iPhoneSimulator.Build.0 = Debug|iPhoneSimulator
		{3608DD48-6648-4497-AA5B-418AB8A9DAD1}.Debug|iPhoneSimulator.Deploy.0 = Debug|iPhoneSimulator
		{3608DD48-6648-4497-AA5B-418AB8A9DAD1}.Release|Any CPU.ActiveCfg = Release|iPhoneSimulator
		{3608DD48-6648-4497-AA5B-418AB8A9DAD1}.Release|Any CPU.Build.0 = Release|iPhoneSimulator
		{3608DD48-6648-4497-AA5B-418AB8A9DAD1}.Release|Any CPU.Deploy.0 = Release|iPhoneSimulator
		{3608DD48-6648-4497-AA5B-418AB8A9DAD1}.Release|iPhone.ActiveCfg = Release|iPhone
		{3608DD48-6648-4497-AA5B-418AB8A9DAD1}.Release|iPhone.Build.0 = Release|iPhone
		{3608DD48-6648-4497-AA5B-418AB8A9DAD1}.Release|iPhone.Deploy.0 = Release|iPhone
		{3608DD48-6648-4497-AA5B-418AB8A9DAD1}.Release|iPhoneSimulator.ActiveCfg = Release|iPhoneSimulator
		{3608DD48-6648-4497-AA5B-418AB8A9DAD1}.Release|iPhoneSimulator.Build.0 = Release|iPhoneSimulator
		{3608DD48-6648-4497-AA5B-418AB8A9DAD1}.Release|iPhoneSimulator.Deploy.0 = Release|iPhoneSimulator
		{1EC58433-30E6-4C8E-AA3D-6D55308B14DF}.Debug|Any CPU.ActiveCfg = Debug|Any CPU
		{1EC58433-30E6-4C8E-AA3D-6D55308B14DF}.Debug|Any CPU.Build.0 = Debug|Any CPU
		{1EC58433-30E6-4C8E-AA3D-6D55308B14DF}.Debug|Any CPU.Deploy.0 = Debug|Any CPU
		{1EC58433-30E6-4C8E-AA3D-6D55308B14DF}.Debug|iPhone.ActiveCfg = Debug|Any CPU
		{1EC58433-30E6-4C8E-AA3D-6D55308B14DF}.Debug|iPhone.Build.0 = Debug|Any CPU
		{1EC58433-30E6-4C8E-AA3D-6D55308B14DF}.Debug|iPhone.Deploy.0 = Debug|Any CPU
		{1EC58433-30E6-4C8E-AA3D-6D55308B14DF}.Debug|iPhoneSimulator.ActiveCfg = Debug|Any CPU
		{1EC58433-30E6-4C8E-AA3D-6D55308B14DF}.Debug|iPhoneSimulator.Build.0 = Debug|Any CPU
		{1EC58433-30E6-4C8E-AA3D-6D55308B14DF}.Debug|iPhoneSimulator.Deploy.0 = Debug|Any CPU
		{1EC58433-30E6-4C8E-AA3D-6D55308B14DF}.Release|Any CPU.ActiveCfg = Release|Any CPU
		{1EC58433-30E6-4C8E-AA3D-6D55308B14DF}.Release|Any CPU.Build.0 = Release|Any CPU
		{1EC58433-30E6-4C8E-AA3D-6D55308B14DF}.Release|Any CPU.Deploy.0 = Release|Any CPU
		{1EC58433-30E6-4C8E-AA3D-6D55308B14DF}.Release|iPhone.ActiveCfg = Release|Any CPU
		{1EC58433-30E6-4C8E-AA3D-6D55308B14DF}.Release|iPhone.Build.0 = Release|Any CPU
		{1EC58433-30E6-4C8E-AA3D-6D55308B14DF}.Release|iPhone.Deploy.0 = Release|Any CPU
		{1EC58433-30E6-4C8E-AA3D-6D55308B14DF}.Release|iPhoneSimulator.ActiveCfg = Release|Any CPU
		{1EC58433-30E6-4C8E-AA3D-6D55308B14DF}.Release|iPhoneSimulator.Build.0 = Release|Any CPU
		{1EC58433-30E6-4C8E-AA3D-6D55308B14DF}.Release|iPhoneSimulator.Deploy.0 = Release|Any CPU
	EndGlobalSection
	GlobalSection(SolutionProperties) = preSolution
		HideSolutionNode = FALSE
	EndGlobalSection
	GlobalSection(ExtensibilityGlobals) = postSolution
		SolutionGuid = {80492B9B-E775-4F6D-BAFE-CE1446B33846}
	EndGlobalSection
EndGlobal
